
Microsoft Visual Studio Solution File, Format Version 12.00
# Visual Studio Version 17
VisualStudioVersion = 17.14.36109.1 d17.14
MinimumVisualStudioVersion = 10.0.40219.1
Project("{FAE04EC0-301F-11D3-BF4B-00C04F79EFBC}") = "ERP.API", "ERP.API\ERP.API.csproj", "{B7C23CCC-D50C-4940-AA99-10F70F885A8B}"
EndProject
Global
	GlobalSection(SolutionConfigurationPlatforms) = preSolution
		Debug|Any CPU = Debug|Any CPU
		Release|Any CPU = Release|Any CPU
	EndGlobalSection
	GlobalSection(ProjectConfigurationPlatforms) = postSolution
		{B7C23CCC-D50C-4940-AA99-10F70F885A8B}.Debug|Any CPU.ActiveCfg = Debug|Any CPU
		{B7C23CCC-D50C-4940-AA99-10F70F885A8B}.Debug|Any CPU.Build.0 = Debug|Any CPU
		{B7C23CCC-D50C-4940-AA99-10F70F885A8B}.Release|Any CPU.ActiveCfg = Release|Any CPU
		{B7C23CCC-D50C-4940-AA99-10F70F885A8B}.Release|Any CPU.Build.0 = Release|Any CPU
	EndGlobalSection
	GlobalSection(SolutionProperties) = preSolution
		HideSolutionNode = FALSE
	EndGlobalSection
	GlobalSection(ExtensibilityGlobals) = postSolution
		SolutionGuid = {A00E6BCC-8CCE-4276-ACE8-66F29F8531AF}
	EndGlobalSection
EndGlobal
